
Microsoft Visual Studio Solution File, Format Version 12.00
# Visual Studio Version 17
VisualStudioVersion = 17.5.33516.290
MinimumVisualStudioVersion = 10.0.40219.1
Project("{8BC9CEB8-8B4A-11D0-8D11-00A0C91BC942}") = "Project14", "Project14\Project14.vcxproj", "{402FB5C5-03B2-4F67-83E1-2E577BA5265C}"
EndProject
Global
	GlobalSection(SolutionConfigurationPlatforms) = preSolution
		Debug|x64 = Debug|x64
		Debug|x86 = Debug|x86
		Release|x64 = Release|x64
		Release|x86 = Release|x86
	EndGlobalSection
	GlobalSection(ProjectConfigurationPlatforms) = postSolution
		{402FB5C5-03B2-4F67-83E1-2E577BA5265C}.Debug|x64.ActiveCfg = Debug|x64
		{402FB5C5-03B2-4F67-83E1-2E577BA5265C}.Debug|x64.Build.0 = Debug|x64
		{402FB5C5-03B2-4F67-83E1-2E577BA5265C}.Debug|x86.ActiveCfg = Debug|Win32
		{402FB5C5-03B2-4F67-83E1-2E577BA5265C}.Debug|x86.Build.0 = Debug|Win32
		{402FB5C5-03B2-4F67-83E1-2E577BA5265C}.Release|x64.ActiveCfg = Release|x64
		{402FB5C5-03B2-4F67-83E1-2E577BA5265C}.Release|x64.Build.0 = Release|x64
		{402FB5C5-03B2-4F67-83E1-2E577BA5265C}.Release|x86.ActiveCfg = Release|Win32
		{402FB5C5-03B2-4F67-83E1-2E577BA5265C}.Release|x86.Build.0 = Release|Win32
	EndGlobalSection
	GlobalSection(SolutionProperties) = preSolution
		HideSolutionNode = FALSE
	EndGlobalSection
	GlobalSection(ExtensibilityGlobals) = postSolution
		SolutionGuid = {AAC8F633-8BDD-4B80-AECA-7F08CC379F3E}
	EndGlobalSection
EndGlobal
