
Microsoft Visual Studio Solution File, Format Version 12.00
# Visual Studio 15
Project("{FAE04EC0-301F-11D3-BF4B-00C04F79EFBC}") = "Assembly-CSharp", "Assembly-CSharp.csproj", "{CFEB0272-3449-CB9A-7415-2C26500820A4}"
EndProject
Project("{FAE04EC0-301F-11D3-BF4B-00C04F79EFBC}") = "Assembly-CSharp-Editor", "Assembly-CSharp-Editor.csproj", "{7869B6CB-2495-9D5E-BF1E-5716506479A1}"
EndProject
Global
	GlobalSection(SolutionConfigurationPlatforms) = preSolution
		Debug|Any CPU = Debug|Any CPU
		Release|Any CPU = Release|Any CPU
	EndGlobalSection
	GlobalSection(ProjectConfigurationPlatforms) = postSolution
		{CFEB0272-3449-CB9A-7415-2C26500820A4}.Debug|Any CPU.ActiveCfg = Debug|Any CPU
		{CFEB0272-3449-CB9A-7415-2C26500820A4}.Debug|Any CPU.Build.0 = Debug|Any CPU
		{CFEB0272-3449-CB9A-7415-2C26500820A4}.Release|Any CPU.ActiveCfg = Release|Any CPU
		{CFEB0272-3449-CB9A-7415-2C26500820A4}.Release|Any CPU.Build.0 = Release|Any CPU
		{7869B6CB-2495-9D5E-BF1E-5716506479A1}.Debug|Any CPU.ActiveCfg = Debug|Any CPU
		{7869B6CB-2495-9D5E-BF1E-5716506479A1}.Debug|Any CPU.Build.0 = Debug|Any CPU
		{7869B6CB-2495-9D5E-BF1E-5716506479A1}.Release|Any CPU.ActiveCfg = Release|Any CPU
		{7869B6CB-2495-9D5E-BF1E-5716506479A1}.Release|Any CPU.Build.0 = Release|Any CPU
	EndGlobalSection
	GlobalSection(SolutionProperties) = preSolution
		HideSolutionNode = FALSE
	EndGlobalSection
EndGlobal
