
Microsoft Visual Studio Solution File, Format Version 12.00
# Visual Studio Version 16
VisualStudioVersion = 16.0.32929.386
MinimumVisualStudioVersion = 10.0.40219.1
Project("{8BC9CEB8-8B4A-11D0-8D11-00A0C91BC942}") = "Sample001", "Sample001\Sample001.vcxproj", "{351FA705-5AFA-473C-9284-901E4A3E568B}"
EndProject
Global
	GlobalSection(SolutionConfigurationPlatforms) = preSolution
		Debug|x64 = Debug|x64
		Debug|x86 = Debug|x86
		Release|x64 = Release|x64
		Release|x86 = Release|x86
	EndGlobalSection
	GlobalSection(ProjectConfigurationPlatforms) = postSolution
		{351FA705-5AFA-473C-9284-901E4A3E568B}.Debug|x64.ActiveCfg = Debug|x64
		{351FA705-5AFA-473C-9284-901E4A3E568B}.Debug|x64.Build.0 = Debug|x64
		{351FA705-5AFA-473C-9284-901E4A3E568B}.Debug|x86.ActiveCfg = Debug|Win32
		{351FA705-5AFA-473C-9284-901E4A3E568B}.Debug|x86.Build.0 = Debug|Win32
		{351FA705-5AFA-473C-9284-901E4A3E568B}.Release|x64.ActiveCfg = Release|x64
		{351FA705-5AFA-473C-9284-901E4A3E568B}.Release|x64.Build.0 = Release|x64
		{351FA705-5AFA-473C-9284-901E4A3E568B}.Release|x86.ActiveCfg = Release|Win32
		{351FA705-5AFA-473C-9284-901E4A3E568B}.Release|x86.Build.0 = Release|Win32
	EndGlobalSection
	GlobalSection(SolutionProperties) = preSolution
		HideSolutionNode = FALSE
	EndGlobalSection
	GlobalSection(ExtensibilityGlobals) = postSolution
		SolutionGuid = {22BB0017-DAF6-4335-A73C-578D3658F652}
	EndGlobalSection
EndGlobal
