
Microsoft Visual Studio Solution File, Format Version 12.00
# Visual Studio 15
Project("{FAE04EC0-301F-11D3-BF4B-00C04F79EFBC}") = "PhotonChat", "PhotonChat.csproj", "{E93233BD-04AE-BA6C-BA14-CDD4A6E64C43}"
EndProject
Project("{FAE04EC0-301F-11D3-BF4B-00C04F79EFBC}") = "PhotonUnityNetworking.Demos", "PhotonUnityNetworking.Demos.csproj", "{94D24F43-3592-F448-A206-3ED72A49ECFF}"
EndProject
Project("{FAE04EC0-301F-11D3-BF4B-00C04F79EFBC}") = "Assembly-CSharp", "Assembly-CSharp.csproj", "{598BDEE7-27A9-3F2D-8C4A-0237A49E362D}"
EndProject
Project("{FAE04EC0-301F-11D3-BF4B-00C04F79EFBC}") = "PhotonUnityNetworking.Editor", "PhotonUnityNetworking.Editor.csproj", "{EB8401AC-AF41-26FA-027E-7144A7BC99CA}"
EndProject
Project("{FAE04EC0-301F-11D3-BF4B-00C04F79EFBC}") = "PhotonUnityNetworking", "PhotonUnityNetworking.csproj", "{74B4FA6E-1168-2063-D87D-A08675E882C4}"
EndProject
Project("{FAE04EC0-301F-11D3-BF4B-00C04F79EFBC}") = "PhotonRealtime", "PhotonRealtime.csproj", "{5EB735B4-D6BE-C1AA-B4DD-B6CC09B74CCE}"
EndProject
Project("{FAE04EC0-301F-11D3-BF4B-00C04F79EFBC}") = "PhotonUnityNetworking.Utilities.PhotonPlayer.Editor", "PhotonUnityNetworking.Utilities.PhotonPlayer.Editor.csproj", "{3DE945C2-84DA-9769-70FE-B7673B711241}"
EndProject
Project("{FAE04EC0-301F-11D3-BF4B-00C04F79EFBC}") = "PhotonUnityNetworking.Utilities", "PhotonUnityNetworking.Utilities.csproj", "{AC28326A-12D0-5465-862C-461F15B27FDD}"
EndProject
Project("{FAE04EC0-301F-11D3-BF4B-00C04F79EFBC}") = "PunDemos.DemoSlotcarEditor", "PunDemos.DemoSlotcarEditor.csproj", "{BFD78865-0CB5-411E-B698-4F32B8599424}"
EndProject
Project("{FAE04EC0-301F-11D3-BF4B-00C04F79EFBC}") = "PhotonUnityNetworking.Utilities.Culling.Editor", "PhotonUnityNetworking.Utilities.Culling.Editor.csproj", "{50CADDF7-F8B1-3E79-A9C7-75A854E4CD57}"
EndProject
Project("{FAE04EC0-301F-11D3-BF4B-00C04F79EFBC}") = "PunDemos.DemoHubEditor", "PunDemos.DemoHubEditor.csproj", "{4CF10791-9E4C-85F5-5621-5739DC81C85B}"
EndProject
Project("{FAE04EC0-301F-11D3-BF4B-00C04F79EFBC}") = "Assembly-CSharp-Editor", "Assembly-CSharp-Editor.csproj", "{280B95F7-F24E-4ADF-1D22-BE40B246B1DF}"
EndProject
Global
	GlobalSection(SolutionConfigurationPlatforms) = preSolution
		Debug|Any CPU = Debug|Any CPU
		Release|Any CPU = Release|Any CPU
	EndGlobalSection
	GlobalSection(ProjectConfigurationPlatforms) = postSolution
		{E93233BD-04AE-BA6C-BA14-CDD4A6E64C43}.Debug|Any CPU.ActiveCfg = Debug|Any CPU
		{E93233BD-04AE-BA6C-BA14-CDD4A6E64C43}.Debug|Any CPU.Build.0 = Debug|Any CPU
		{E93233BD-04AE-BA6C-BA14-CDD4A6E64C43}.Release|Any CPU.ActiveCfg = Release|Any CPU
		{E93233BD-04AE-BA6C-BA14-CDD4A6E64C43}.Release|Any CPU.Build.0 = Release|Any CPU
		{94D24F43-3592-F448-A206-3ED72A49ECFF}.Debug|Any CPU.ActiveCfg = Debug|Any CPU
		{94D24F43-3592-F448-A206-3ED72A49ECFF}.Debug|Any CPU.Build.0 = Debug|Any CPU
		{94D24F43-3592-F448-A206-3ED72A49ECFF}.Release|Any CPU.ActiveCfg = Release|Any CPU
		{94D24F43-3592-F448-A206-3ED72A49ECFF}.Release|Any CPU.Build.0 = Release|Any CPU
		{598BDEE7-27A9-3F2D-8C4A-0237A49E362D}.Debug|Any CPU.ActiveCfg = Debug|Any CPU
		{598BDEE7-27A9-3F2D-8C4A-0237A49E362D}.Debug|Any CPU.Build.0 = Debug|Any CPU
		{598BDEE7-27A9-3F2D-8C4A-0237A49E362D}.Release|Any CPU.ActiveCfg = Release|Any CPU
		{598BDEE7-27A9-3F2D-8C4A-0237A49E362D}.Release|Any CPU.Build.0 = Release|Any CPU
		{EB8401AC-AF41-26FA-027E-7144A7BC99CA}.Debug|Any CPU.ActiveCfg = Debug|Any CPU
		{EB8401AC-AF41-26FA-027E-7144A7BC99CA}.Debug|Any CPU.Build.0 = Debug|Any CPU
		{EB8401AC-AF41-26FA-027E-7144A7BC99CA}.Release|Any CPU.ActiveCfg = Release|Any CPU
		{EB8401AC-AF41-26FA-027E-7144A7BC99CA}.Release|Any CPU.Build.0 = Release|Any CPU
		{74B4FA6E-1168-2063-D87D-A08675E882C4}.Debug|Any CPU.ActiveCfg = Debug|Any CPU
		{74B4FA6E-1168-2063-D87D-A08675E882C4}.Debug|Any CPU.Build.0 = Debug|Any CPU
		{74B4FA6E-1168-2063-D87D-A08675E882C4}.Release|Any CPU.ActiveCfg = Release|Any CPU
		{74B4FA6E-1168-2063-D87D-A08675E882C4}.Release|Any CPU.Build.0 = Release|Any CPU
		{5EB735B4-D6BE-C1AA-B4DD-B6CC09B74CCE}.Debug|Any CPU.ActiveCfg = Debug|Any CPU
		{5EB735B4-D6BE-C1AA-B4DD-B6CC09B74CCE}.Debug|Any CPU.Build.0 = Debug|Any CPU
		{5EB735B4-D6BE-C1AA-B4DD-B6CC09B74CCE}.Release|Any CPU.ActiveCfg = Release|Any CPU
		{5EB735B4-D6BE-C1AA-B4DD-B6CC09B74CCE}.Release|Any CPU.Build.0 = Release|Any CPU
		{3DE945C2-84DA-9769-70FE-B7673B711241}.Debug|Any CPU.ActiveCfg = Debug|Any CPU
		{3DE945C2-84DA-9769-70FE-B7673B711241}.Debug|Any CPU.Build.0 = Debug|Any CPU
		{3DE945C2-84DA-9769-70FE-B7673B711241}.Release|Any CPU.ActiveCfg = Release|Any CPU
		{3DE945C2-84DA-9769-70FE-B7673B711241}.Release|Any CPU.Build.0 = Release|Any CPU
		{AC28326A-12D0-5465-862C-461F15B27FDD}.Debug|Any CPU.ActiveCfg = Debug|Any CPU
		{AC28326A-12D0-5465-862C-461F15B27FDD}.Debug|Any CPU.Build.0 = Debug|Any CPU
		{AC28326A-12D0-5465-862C-461F15B27FDD}.Release|Any CPU.ActiveCfg = Release|Any CPU
		{AC28326A-12D0-5465-862C-461F15B27FDD}.Release|Any CPU.Build.0 = Release|Any CPU
		{BFD78865-0CB5-411E-B698-4F32B8599424}.Debug|Any CPU.ActiveCfg = Debug|Any CPU
		{BFD78865-0CB5-411E-B698-4F32B8599424}.Debug|Any CPU.Build.0 = Debug|Any CPU
		{BFD78865-0CB5-411E-B698-4F32B8599424}.Release|Any CPU.ActiveCfg = Release|Any CPU
		{BFD78865-0CB5-411E-B698-4F32B8599424}.Release|Any CPU.Build.0 = Release|Any CPU
		{50CADDF7-F8B1-3E79-A9C7-75A854E4CD57}.Debug|Any CPU.ActiveCfg = Debug|Any CPU
		{50CADDF7-F8B1-3E79-A9C7-75A854E4CD57}.Debug|Any CPU.Build.0 = Debug|Any CPU
		{50CADDF7-F8B1-3E79-A9C7-75A854E4CD57}.Release|Any CPU.ActiveCfg = Release|Any CPU
		{50CADDF7-F8B1-3E79-A9C7-75A854E4CD57}.Release|Any CPU.Build.0 = Release|Any CPU
		{4CF10791-9E4C-85F5-5621-5739DC81C85B}.Debug|Any CPU.ActiveCfg = Debug|Any CPU
		{4CF10791-9E4C-85F5-5621-5739DC81C85B}.Debug|Any CPU.Build.0 = Debug|Any CPU
		{4CF10791-9E4C-85F5-5621-5739DC81C85B}.Release|Any CPU.ActiveCfg = Release|Any CPU
		{4CF10791-9E4C-85F5-5621-5739DC81C85B}.Release|Any CPU.Build.0 = Release|Any CPU
		{280B95F7-F24E-4ADF-1D22-BE40B246B1DF}.Debug|Any CPU.ActiveCfg = Debug|Any CPU
		{280B95F7-F24E-4ADF-1D22-BE40B246B1DF}.Debug|Any CPU.Build.0 = Debug|Any CPU
		{280B95F7-F24E-4ADF-1D22-BE40B246B1DF}.Release|Any CPU.ActiveCfg = Release|Any CPU
		{280B95F7-F24E-4ADF-1D22-BE40B246B1DF}.Release|Any CPU.Build.0 = Release|Any CPU
	EndGlobalSection
	GlobalSection(SolutionProperties) = preSolution
		HideSolutionNode = FALSE
	EndGlobalSection
EndGlobal
