
Microsoft Visual Studio Solution File, Format Version 12.00
# Visual Studio Version 17
VisualStudioVersion = 17.5.33516.290
MinimumVisualStudioVersion = 10.0.40219.1
Project("{8BC9CEB8-8B4A-11D0-8D11-00A0C91BC942}") = "Project7", "Project7\Project7.vcxproj", "{DD9175DC-562E-44E0-8921-84BF4445BB73}"
EndProject
Global
	GlobalSection(SolutionConfigurationPlatforms) = preSolution
		Debug|x64 = Debug|x64
		Debug|x86 = Debug|x86
		Release|x64 = Release|x64
		Release|x86 = Release|x86
	EndGlobalSection
	GlobalSection(ProjectConfigurationPlatforms) = postSolution
		{DD9175DC-562E-44E0-8921-84BF4445BB73}.Debug|x64.ActiveCfg = Debug|x64
		{DD9175DC-562E-44E0-8921-84BF4445BB73}.Debug|x64.Build.0 = Debug|x64
		{DD9175DC-562E-44E0-8921-84BF4445BB73}.Debug|x86.ActiveCfg = Debug|Win32
		{DD9175DC-562E-44E0-8921-84BF4445BB73}.Debug|x86.Build.0 = Debug|Win32
		{DD9175DC-562E-44E0-8921-84BF4445BB73}.Release|x64.ActiveCfg = Release|x64
		{DD9175DC-562E-44E0-8921-84BF4445BB73}.Release|x64.Build.0 = Release|x64
		{DD9175DC-562E-44E0-8921-84BF4445BB73}.Release|x86.ActiveCfg = Release|Win32
		{DD9175DC-562E-44E0-8921-84BF4445BB73}.Release|x86.Build.0 = Release|Win32
	EndGlobalSection
	GlobalSection(SolutionProperties) = preSolution
		HideSolutionNode = FALSE
	EndGlobalSection
	GlobalSection(ExtensibilityGlobals) = postSolution
		SolutionGuid = {EA01FC23-2DE6-419C-BD71-83C1CAFB72C8}
	EndGlobalSection
EndGlobal
