
Microsoft Visual Studio Solution File, Format Version 12.00
# Visual Studio 15
Project("{FAE04EC0-301F-11D3-BF4B-00C04F79EFBC}") = "PhotonChat", "PhotonChat.csproj", "{C65B0B4C-4CCF-6773-82C4-14D3886209FA}"
EndProject
Project("{FAE04EC0-301F-11D3-BF4B-00C04F79EFBC}") = "PhotonUnityNetworking.Demos", "PhotonUnityNetworking.Demos.csproj", "{1E5997F9-8ECE-417A-B9A5-3F59B4AF5960}"
EndProject
Project("{FAE04EC0-301F-11D3-BF4B-00C04F79EFBC}") = "Assembly-CSharp", "Assembly-CSharp.csproj", "{2F65A3CB-DF54-6C3D-E372-1D3EF406525B}"
EndProject
Project("{FAE04EC0-301F-11D3-BF4B-00C04F79EFBC}") = "PhotonRealtime", "PhotonRealtime.csproj", "{C9132269-DE8E-F3FC-E723-C742D0ECECA2}"
EndProject
Project("{FAE04EC0-301F-11D3-BF4B-00C04F79EFBC}") = "PhotonUnityNetworking.Editor", "PhotonUnityNetworking.Editor.csproj", "{779F9037-1F77-5D06-0FDF-E98E1334B583}"
EndProject
Project("{FAE04EC0-301F-11D3-BF4B-00C04F79EFBC}") = "PhotonUnityNetworking", "PhotonUnityNetworking.csproj", "{49D7913E-2536-109D-1362-4CCFDAAC0D2D}"
EndProject
Project("{FAE04EC0-301F-11D3-BF4B-00C04F79EFBC}") = "PhotonUnityNetworking.Utilities.PhotonPlayer.Editor", "PhotonUnityNetworking.Utilities.PhotonPlayer.Editor.csproj", "{BF399E7E-E340-0183-D0BE-8BD0D79958B7}"
EndProject
Project("{FAE04EC0-301F-11D3-BF4B-00C04F79EFBC}") = "PhotonUnityNetworking.Utilities", "PhotonUnityNetworking.Utilities.csproj", "{1F92236B-4FA7-176E-474F-5B570B7FB223}"
EndProject
Project("{FAE04EC0-301F-11D3-BF4B-00C04F79EFBC}") = "PunDemos.DemoSlotcarEditor", "PunDemos.DemoSlotcarEditor.csproj", "{1E4789C0-66A1-29B8-8119-E3C2E7E31D52}"
EndProject
Project("{FAE04EC0-301F-11D3-BF4B-00C04F79EFBC}") = "PhotonUnityNetworking.Utilities.Culling.Editor", "PhotonUnityNetworking.Utilities.Culling.Editor.csproj", "{5C3A86BD-DF3B-D010-605B-00E6ECD10B20}"
EndProject
Project("{FAE04EC0-301F-11D3-BF4B-00C04F79EFBC}") = "PunDemos.DemoHubEditor", "PunDemos.DemoHubEditor.csproj", "{2D1868A8-D143-8C6C-0CEC-B2150FF6076D}"
EndProject
Project("{FAE04EC0-301F-11D3-BF4B-00C04F79EFBC}") = "Assembly-CSharp-Editor", "Assembly-CSharp-Editor.csproj", "{E9CDBE1C-A556-EB4C-45A8-67A8A6A052AC}"
EndProject
Global
	GlobalSection(SolutionConfigurationPlatforms) = preSolution
		Debug|Any CPU = Debug|Any CPU
		Release|Any CPU = Release|Any CPU
	EndGlobalSection
	GlobalSection(ProjectConfigurationPlatforms) = postSolution
		{C65B0B4C-4CCF-6773-82C4-14D3886209FA}.Debug|Any CPU.ActiveCfg = Debug|Any CPU
		{C65B0B4C-4CCF-6773-82C4-14D3886209FA}.Debug|Any CPU.Build.0 = Debug|Any CPU
		{C65B0B4C-4CCF-6773-82C4-14D3886209FA}.Release|Any CPU.ActiveCfg = Release|Any CPU
		{C65B0B4C-4CCF-6773-82C4-14D3886209FA}.Release|Any CPU.Build.0 = Release|Any CPU
		{1E5997F9-8ECE-417A-B9A5-3F59B4AF5960}.Debug|Any CPU.ActiveCfg = Debug|Any CPU
		{1E5997F9-8ECE-417A-B9A5-3F59B4AF5960}.Debug|Any CPU.Build.0 = Debug|Any CPU
		{1E5997F9-8ECE-417A-B9A5-3F59B4AF5960}.Release|Any CPU.ActiveCfg = Release|Any CPU
		{1E5997F9-8ECE-417A-B9A5-3F59B4AF5960}.Release|Any CPU.Build.0 = Release|Any CPU
		{2F65A3CB-DF54-6C3D-E372-1D3EF406525B}.Debug|Any CPU.ActiveCfg = Debug|Any CPU
		{2F65A3CB-DF54-6C3D-E372-1D3EF406525B}.Debug|Any CPU.Build.0 = Debug|Any CPU
		{2F65A3CB-DF54-6C3D-E372-1D3EF406525B}.Release|Any CPU.ActiveCfg = Release|Any CPU
		{2F65A3CB-DF54-6C3D-E372-1D3EF406525B}.Release|Any CPU.Build.0 = Release|Any CPU
		{C9132269-DE8E-F3FC-E723-C742D0ECECA2}.Debug|Any CPU.ActiveCfg = Debug|Any CPU
		{C9132269-DE8E-F3FC-E723-C742D0ECECA2}.Debug|Any CPU.Build.0 = Debug|Any CPU
		{C9132269-DE8E-F3FC-E723-C742D0ECECA2}.Release|Any CPU.ActiveCfg = Release|Any CPU
		{C9132269-DE8E-F3FC-E723-C742D0ECECA2}.Release|Any CPU.Build.0 = Release|Any CPU
		{779F9037-1F77-5D06-0FDF-E98E1334B583}.Debug|Any CPU.ActiveCfg = Debug|Any CPU
		{779F9037-1F77-5D06-0FDF-E98E1334B583}.Debug|Any CPU.Build.0 = Debug|Any CPU
		{779F9037-1F77-5D06-0FDF-E98E1334B583}.Release|Any CPU.ActiveCfg = Release|Any CPU
		{779F9037-1F77-5D06-0FDF-E98E1334B583}.Release|Any CPU.Build.0 = Release|Any CPU
		{49D7913E-2536-109D-1362-4CCFDAAC0D2D}.Debug|Any CPU.ActiveCfg = Debug|Any CPU
		{49D7913E-2536-109D-1362-4CCFDAAC0D2D}.Debug|Any CPU.Build.0 = Debug|Any CPU
		{49D7913E-2536-109D-1362-4CCFDAAC0D2D}.Release|Any CPU.ActiveCfg = Release|Any CPU
		{49D7913E-2536-109D-1362-4CCFDAAC0D2D}.Release|Any CPU.Build.0 = Release|Any CPU
		{BF399E7E-E340-0183-D0BE-8BD0D79958B7}.Debug|Any CPU.ActiveCfg = Debug|Any CPU
		{BF399E7E-E340-0183-D0BE-8BD0D79958B7}.Debug|Any CPU.Build.0 = Debug|Any CPU
		{BF399E7E-E340-0183-D0BE-8BD0D79958B7}.Release|Any CPU.ActiveCfg = Release|Any CPU
		{BF399E7E-E340-0183-D0BE-8BD0D79958B7}.Release|Any CPU.Build.0 = Release|Any CPU
		{1F92236B-4FA7-176E-474F-5B570B7FB223}.Debug|Any CPU.ActiveCfg = Debug|Any CPU
		{1F92236B-4FA7-176E-474F-5B570B7FB223}.Debug|Any CPU.Build.0 = Debug|Any CPU
		{1F92236B-4FA7-176E-474F-5B570B7FB223}.Release|Any CPU.ActiveCfg = Release|Any CPU
		{1F92236B-4FA7-176E-474F-5B570B7FB223}.Release|Any CPU.Build.0 = Release|Any CPU
		{1E4789C0-66A1-29B8-8119-E3C2E7E31D52}.Debug|Any CPU.ActiveCfg = Debug|Any CPU
		{1E4789C0-66A1-29B8-8119-E3C2E7E31D52}.Debug|Any CPU.Build.0 = Debug|Any CPU
		{1E4789C0-66A1-29B8-8119-E3C2E7E31D52}.Release|Any CPU.ActiveCfg = Release|Any CPU
		{1E4789C0-66A1-29B8-8119-E3C2E7E31D52}.Release|Any CPU.Build.0 = Release|Any CPU
		{5C3A86BD-DF3B-D010-605B-00E6ECD10B20}.Debug|Any CPU.ActiveCfg = Debug|Any CPU
		{5C3A86BD-DF3B-D010-605B-00E6ECD10B20}.Debug|Any CPU.Build.0 = Debug|Any CPU
		{5C3A86BD-DF3B-D010-605B-00E6ECD10B20}.Release|Any CPU.ActiveCfg = Release|Any CPU
		{5C3A86BD-DF3B-D010-605B-00E6ECD10B20}.Release|Any CPU.Build.0 = Release|Any CPU
		{2D1868A8-D143-8C6C-0CEC-B2150FF6076D}.Debug|Any CPU.ActiveCfg = Debug|Any CPU
		{2D1868A8-D143-8C6C-0CEC-B2150FF6076D}.Debug|Any CPU.Build.0 = Debug|Any CPU
		{2D1868A8-D143-8C6C-0CEC-B2150FF6076D}.Release|Any CPU.ActiveCfg = Release|Any CPU
		{2D1868A8-D143-8C6C-0CEC-B2150FF6076D}.Release|Any CPU.Build.0 = Release|Any CPU
		{E9CDBE1C-A556-EB4C-45A8-67A8A6A052AC}.Debug|Any CPU.ActiveCfg = Debug|Any CPU
		{E9CDBE1C-A556-EB4C-45A8-67A8A6A052AC}.Debug|Any CPU.Build.0 = Debug|Any CPU
		{E9CDBE1C-A556-EB4C-45A8-67A8A6A052AC}.Release|Any CPU.ActiveCfg = Release|Any CPU
		{E9CDBE1C-A556-EB4C-45A8-67A8A6A052AC}.Release|Any CPU.Build.0 = Release|Any CPU
	EndGlobalSection
	GlobalSection(SolutionProperties) = preSolution
		HideSolutionNode = FALSE
	EndGlobalSection
EndGlobal
