
Microsoft Visual Studio Solution File, Format Version 12.00
# Visual Studio 15
Project("{FAE04EC0-301F-11D3-BF4B-00C04F79EFBC}") = "PhotonChat", "PhotonChat.csproj", "{9692084D-F32B-2D39-FCDD-0857E9E9966D}"
EndProject
Project("{FAE04EC0-301F-11D3-BF4B-00C04F79EFBC}") = "PhotonUnityNetworking.Demos", "PhotonUnityNetworking.Demos.csproj", "{F4615823-DD41-5DFA-E1BF-65923A835DB3}"
EndProject
Project("{FAE04EC0-301F-11D3-BF4B-00C04F79EFBC}") = "Assembly-CSharp", "Assembly-CSharp.csproj", "{7D6CFAE3-88DF-D265-B049-9E5A71C0E163}"
EndProject
Project("{FAE04EC0-301F-11D3-BF4B-00C04F79EFBC}") = "PhotonRealtime", "PhotonRealtime.csproj", "{749DF1E3-68F5-A002-07BA-1BC637A5F4A1}"
EndProject
Project("{FAE04EC0-301F-11D3-BF4B-00C04F79EFBC}") = "PhotonUnityNetworking.Editor", "PhotonUnityNetworking.Editor.csproj", "{3627A857-2620-FA18-F547-7140F0414CA5}"
EndProject
Project("{FAE04EC0-301F-11D3-BF4B-00C04F79EFBC}") = "PhotonUnityNetworking", "PhotonUnityNetworking.csproj", "{D4CC27EF-DE61-78D4-6A11-3B991AE78F9B}"
EndProject
Project("{FAE04EC0-301F-11D3-BF4B-00C04F79EFBC}") = "PhotonUnityNetworking.Utilities.PhotonPlayer.Editor", "PhotonUnityNetworking.Utilities.PhotonPlayer.Editor.csproj", "{76CEBD57-A33F-082C-86F4-ED03C9169461}"
EndProject
Project("{FAE04EC0-301F-11D3-BF4B-00C04F79EFBC}") = "PhotonUnityNetworking.Utilities", "PhotonUnityNetworking.Utilities.csproj", "{EB23BFE1-7EB3-A191-2D22-EC470615DEDF}"
EndProject
Project("{FAE04EC0-301F-11D3-BF4B-00C04F79EFBC}") = "PunDemos.DemoSlotcarEditor", "PunDemos.DemoSlotcarEditor.csproj", "{F4635D93-3B08-334F-2551-36B2EAFBA225}"
EndProject
Project("{FAE04EC0-301F-11D3-BF4B-00C04F79EFBC}") = "PhotonUnityNetworking.Utilities.Culling.Editor", "PhotonUnityNetworking.Utilities.Culling.Editor.csproj", "{7D883D6A-912B-9F8E-E829-D540C0B87A45}"
EndProject
Project("{FAE04EC0-301F-11D3-BF4B-00C04F79EFBC}") = "PunDemos.DemoHubEditor", "PunDemos.DemoHubEditor.csproj", "{CCA67EE9-A948-B69F-41B3-AEAA34FD1D99}"
EndProject
Project("{FAE04EC0-301F-11D3-BF4B-00C04F79EFBC}") = "Assembly-CSharp-Editor", "Assembly-CSharp-Editor.csproj", "{A89C05D5-E8A8-F1AF-A7CC-53F9EFD013E1}"
EndProject
Global
	GlobalSection(SolutionConfigurationPlatforms) = preSolution
		Debug|Any CPU = Debug|Any CPU
		Release|Any CPU = Release|Any CPU
	EndGlobalSection
	GlobalSection(ProjectConfigurationPlatforms) = postSolution
		{9692084D-F32B-2D39-FCDD-0857E9E9966D}.Debug|Any CPU.ActiveCfg = Debug|Any CPU
		{9692084D-F32B-2D39-FCDD-0857E9E9966D}.Debug|Any CPU.Build.0 = Debug|Any CPU
		{9692084D-F32B-2D39-FCDD-0857E9E9966D}.Release|Any CPU.ActiveCfg = Release|Any CPU
		{9692084D-F32B-2D39-FCDD-0857E9E9966D}.Release|Any CPU.Build.0 = Release|Any CPU
		{F4615823-DD41-5DFA-E1BF-65923A835DB3}.Debug|Any CPU.ActiveCfg = Debug|Any CPU
		{F4615823-DD41-5DFA-E1BF-65923A835DB3}.Debug|Any CPU.Build.0 = Debug|Any CPU
		{F4615823-DD41-5DFA-E1BF-65923A835DB3}.Release|Any CPU.ActiveCfg = Release|Any CPU
		{F4615823-DD41-5DFA-E1BF-65923A835DB3}.Release|Any CPU.Build.0 = Release|Any CPU
		{7D6CFAE3-88DF-D265-B049-9E5A71C0E163}.Debug|Any CPU.ActiveCfg = Debug|Any CPU
		{7D6CFAE3-88DF-D265-B049-9E5A71C0E163}.Debug|Any CPU.Build.0 = Debug|Any CPU
		{7D6CFAE3-88DF-D265-B049-9E5A71C0E163}.Release|Any CPU.ActiveCfg = Release|Any CPU
		{7D6CFAE3-88DF-D265-B049-9E5A71C0E163}.Release|Any CPU.Build.0 = Release|Any CPU
		{749DF1E3-68F5-A002-07BA-1BC637A5F4A1}.Debug|Any CPU.ActiveCfg = Debug|Any CPU
		{749DF1E3-68F5-A002-07BA-1BC637A5F4A1}.Debug|Any CPU.Build.0 = Debug|Any CPU
		{749DF1E3-68F5-A002-07BA-1BC637A5F4A1}.Release|Any CPU.ActiveCfg = Release|Any CPU
		{749DF1E3-68F5-A002-07BA-1BC637A5F4A1}.Release|Any CPU.Build.0 = Release|Any CPU
		{3627A857-2620-FA18-F547-7140F0414CA5}.Debug|Any CPU.ActiveCfg = Debug|Any CPU
		{3627A857-2620-FA18-F547-7140F0414CA5}.Debug|Any CPU.Build.0 = Debug|Any CPU
		{3627A857-2620-FA18-F547-7140F0414CA5}.Release|Any CPU.ActiveCfg = Release|Any CPU
		{3627A857-2620-FA18-F547-7140F0414CA5}.Release|Any CPU.Build.0 = Release|Any CPU
		{D4CC27EF-DE61-78D4-6A11-3B991AE78F9B}.Debug|Any CPU.ActiveCfg = Debug|Any CPU
		{D4CC27EF-DE61-78D4-6A11-3B991AE78F9B}.Debug|Any CPU.Build.0 = Debug|Any CPU
		{D4CC27EF-DE61-78D4-6A11-3B991AE78F9B}.Release|Any CPU.ActiveCfg = Release|Any CPU
		{D4CC27EF-DE61-78D4-6A11-3B991AE78F9B}.Release|Any CPU.Build.0 = Release|Any CPU
		{76CEBD57-A33F-082C-86F4-ED03C9169461}.Debug|Any CPU.ActiveCfg = Debug|Any CPU
		{76CEBD57-A33F-082C-86F4-ED03C9169461}.Debug|Any CPU.Build.0 = Debug|Any CPU
		{76CEBD57-A33F-082C-86F4-ED03C9169461}.Release|Any CPU.ActiveCfg = Release|Any CPU
		{76CEBD57-A33F-082C-86F4-ED03C9169461}.Release|Any CPU.Build.0 = Release|Any CPU
		{EB23BFE1-7EB3-A191-2D22-EC470615DEDF}.Debug|Any CPU.ActiveCfg = Debug|Any CPU
		{EB23BFE1-7EB3-A191-2D22-EC470615DEDF}.Debug|Any CPU.Build.0 = Debug|Any CPU
		{EB23BFE1-7EB3-A191-2D22-EC470615DEDF}.Release|Any CPU.ActiveCfg = Release|Any CPU
		{EB23BFE1-7EB3-A191-2D22-EC470615DEDF}.Release|Any CPU.Build.0 = Release|Any CPU
		{F4635D93-3B08-334F-2551-36B2EAFBA225}.Debug|Any CPU.ActiveCfg = Debug|Any CPU
		{F4635D93-3B08-334F-2551-36B2EAFBA225}.Debug|Any CPU.Build.0 = Debug|Any CPU
		{F4635D93-3B08-334F-2551-36B2EAFBA225}.Release|Any CPU.ActiveCfg = Release|Any CPU
		{F4635D93-3B08-334F-2551-36B2EAFBA225}.Release|Any CPU.Build.0 = Release|Any CPU
		{7D883D6A-912B-9F8E-E829-D540C0B87A45}.Debug|Any CPU.ActiveCfg = Debug|Any CPU
		{7D883D6A-912B-9F8E-E829-D540C0B87A45}.Debug|Any CPU.Build.0 = Debug|Any CPU
		{7D883D6A-912B-9F8E-E829-D540C0B87A45}.Release|Any CPU.ActiveCfg = Release|Any CPU
		{7D883D6A-912B-9F8E-E829-D540C0B87A45}.Release|Any CPU.Build.0 = Release|Any CPU
		{CCA67EE9-A948-B69F-41B3-AEAA34FD1D99}.Debug|Any CPU.ActiveCfg = Debug|Any CPU
		{CCA67EE9-A948-B69F-41B3-AEAA34FD1D99}.Debug|Any CPU.Build.0 = Debug|Any CPU
		{CCA67EE9-A948-B69F-41B3-AEAA34FD1D99}.Release|Any CPU.ActiveCfg = Release|Any CPU
		{CCA67EE9-A948-B69F-41B3-AEAA34FD1D99}.Release|Any CPU.Build.0 = Release|Any CPU
		{A89C05D5-E8A8-F1AF-A7CC-53F9EFD013E1}.Debug|Any CPU.ActiveCfg = Debug|Any CPU
		{A89C05D5-E8A8-F1AF-A7CC-53F9EFD013E1}.Debug|Any CPU.Build.0 = Debug|Any CPU
		{A89C05D5-E8A8-F1AF-A7CC-53F9EFD013E1}.Release|Any CPU.ActiveCfg = Release|Any CPU
		{A89C05D5-E8A8-F1AF-A7CC-53F9EFD013E1}.Release|Any CPU.Build.0 = Release|Any CPU
	EndGlobalSection
	GlobalSection(SolutionProperties) = preSolution
		HideSolutionNode = FALSE
	EndGlobalSection
EndGlobal
